
Microsoft Visual Studio Solution File, Format Version 12.00
# Visual Studio 15
VisualStudioVersion = 15.0.27703.2026
MinimumVisualStudioVersion = 10.0.40219.1
Project("{FAE04EC0-301F-11D3-BF4B-00C04F79EFBC}") = "CandidatureApp1", "CandidatureApp1\CandidatureApp1.csproj", "{8A0B7456-7F54-4458-955E-30D4494DA84A}"
EndProject
Global
	GlobalSection(SolutionConfigurationPlatforms) = preSolution
		Debug|Any CPU = Debug|Any CPU
		Release|Any CPU = Release|Any CPU
	EndGlobalSection
	GlobalSection(ProjectConfigurationPlatforms) = postSolution
		{8A0B7456-7F54-4458-955E-30D4494DA84A}.Debug|Any CPU.ActiveCfg = Debug|Any CPU
		{8A0B7456-7F54-4458-955E-30D4494DA84A}.Debug|Any CPU.Build.0 = Debug|Any CPU
		{8A0B7456-7F54-4458-955E-30D4494DA84A}.Release|Any CPU.ActiveCfg = Release|Any CPU
		{8A0B7456-7F54-4458-955E-30D4494DA84A}.Release|Any CPU.Build.0 = Release|Any CPU
	EndGlobalSection
	GlobalSection(SolutionProperties) = preSolution
		HideSolutionNode = FALSE
	EndGlobalSection
	GlobalSection(ExtensibilityGlobals) = postSolution
		SolutionGuid = {69F28826-E957-4477-82EF-CB9E29C447F9}
	EndGlobalSection
EndGlobal
